PODS:
  - Flutter (1.0.0)
  - flutter_space_monitor (0.0.1):
    - Flutter

DEPENDENCIES:
  - Flutter (from `.symlinks/flutter/ios-release`)
  - flutter_space_monitor (from `.symlinks/plugins/flutter_space_monitor/ios`)

EXTERNAL SOURCES:
  Flutter:
    :path: ".symlinks/flutter/ios-release"
  flutter_space_monitor:
    :path: ".symlinks/plugins/flutter_space_monitor/ios"

SPEC CHECKSUMS:
  Flutter: 9d0fac939486c9aba2809b7982dfdbb47a7b0296
  flutter_space_monitor: 87be05e576a4723a8b1b5a0e6d061058d3836771

PODFILE CHECKSUM: 1e5af4103afd21ca5ead147d7b81d06f494f51a2

COCOAPODS: 1.5.3
